<?xml version="1.0" encoding="UTF-8" standalone="yes" ?>
<CodeBlocks_project_file>
	<FileVersion major="1" minor="6" />
	<Project>
		<Option title="Proyecto_parte1" />
		<Option pch_mode="2" />
		<Option compiler="gcc" />
		<Option virtualFolders="Proyecto_parte1/" />
		<Build>
			<Target title="Debug">
				<Option output="bin/Debug/Proyecto_parte1" prefix_auto="1" extension_auto="1" />
				<Option object_output="obj/Debug/" />
				<Option type="1" />
				<Option compiler="gcc" />
				<Compiler>
					<Add option="-g" />
				</Compiler>
			</Target>
			<Target title="Release">
				<Option output="bin/Release/Proyecto_parte1" prefix_auto="1" extension_auto="1" />
				<Option object_output="obj/Release/" />
				<Option type="1" />
				<Option compiler="gcc" />
				<Compiler>
					<Add option="-O2" />
				</Compiler>
				<Linker>
					<Add option="-s" />
				</Linker>
			</Target>
		</Build>
		<Compiler>
			<Add option="-Wall" />
			<Add option="-fexceptions" />
		</Compiler>
		<Unit filename="Fecha.h" />
		<Unit filename="archivoGenero.h" />
		<Unit filename="claseGenero.h" />
		<Unit filename="cls.archivoMusicos.h" />
		<Unit filename="cls.musicos.h" />
		<Unit filename="clsPersona.h" />
		<Unit filename="funcionesAdicionales.h" />
		<Unit filename="main.cpp" />
		<Unit filename="menuConf.h" />
		<Unit filename="menuGenero.h" />
		<Unit filename="menuPrincipal.h" />
		<Unit filename="reportes.h" />
		<Extensions>
			<lib_finder disable_auto="1" />
		</Extensions>
	</Project>
</CodeBlocks_project_file>
